
Microsoft Visual Studio Solution File, Format Version 12.00
# Visual Studio Version 17
VisualStudioVersion = 17.3.32922.545
MinimumVisualStudioVersion = 10.0.40219.1
Project("{FAE04EC0-301F-11D3-BF4B-00C04F79EFBC}") = "SimpleCalculator", "SimpleCalculator.csproj", "{8E12981F-6A7C-45DE-8615-4C75B6D4B4E1}"
EndProject
Global
	GlobalSection(SolutionConfigurationPlatforms) = preSolution
		Debug|Any CPU = Debug|Any CPU
		Release|Any CPU = Release|Any CPU
	EndGlobalSection
	GlobalSection(ProjectConfigurationPlatforms) = postSolution
		{8E12981F-6A7C-45DE-8615-4C75B6D4B4E1}.Debug|Any CPU.ActiveCfg = Debug|Any CPU
		{8E12981F-6A7C-45DE-8615-4C75B6D4B4E1}.Debug|Any CPU.Build.0 = Debug|Any CPU
		{8E12981F-6A7C-45DE-8615-4C75B6D4B4E1}.Release|Any CPU.ActiveCfg = Release|Any CPU
		{8E12981F-6A7C-45DE-8615-4C75B6D4B4E1}.Release|Any CPU.Build.0 = Release|Any CPU
	EndGlobalSection
	GlobalSection(SolutionProperties) = preSolution
		HideSolutionNode = FALSE
	EndGlobalSection
	GlobalSection(ExtensibilityGlobals) = postSolution
		SolutionGuid = {F2A0C98F-8F65-410E-BEC5-82EB3E7D7397}
	EndGlobalSection
EndGlobal
